version = 1
revision = 3
requires-python = "==3.11.*"

[[package]]
name = "altgraph"
version = "0.17.5"
source = { registry = "https://pypi.org/simple" }
sdist = { url = "https://files.pythonhosted.org/packages/7e/f8/97fdf103f38fed6792a1601dbc16cc8aac56e7459a9fff08c812d8ae177a/altgraph-0.17.5.tar.gz", hash = "sha256:c87b395dd12fabde9c99573a9749d67da8d29ef9de0125c7f536699b4a9bc9e7", size = 48428, upload-time = "2025-11-21T20:35:50.583Z" }
wheels = [
    { url = "https://files.pythonhosted.org/packages/a9/ba/000a1996d4308bc65120167c21241a3b205464a2e0b58deda26ae8ac21d1/altgraph-0.17.5-py2.py3-none-any.whl", hash = "sha256:f3a22400bce1b0c701683820ac4f3b159cd301acab067c51c653e06961600597", size = 21228, upload-time = "2025-11-21T20:35:49.444Z" },
]

[[package]]
name = "anyio"
version = "4.14.2"
source = { registry = "https://pypi.org/simple" }
dependencies = [
    { name = "idna" },
    { name = "typing-extensions" },
]
sdist = { url = "https://files.pythonhosted.org/packages/61/cc/a381afa6efea9f496eff839d4a6a1aed3bfafc7b3ab4b0d1b243a12573dd/anyio-4.14.2.tar.gz", hash = "sha256:cfa139f3ed1a23ee8f88a145ddb5ac7605b8bbfd8592baacd7ce3d8bb4313c7f", size = 260176, upload-time = "2026-07-12T20:29:07.082Z" }
wheels = [
    { url = "https://files.pythonhosted.org/packages/da/35/f2287558c17e29fafc8ef3daf819bb9834061cfa43bff8014f7df7f63bdc/anyio-4.14.2-py3-none-any.whl", hash = "sha256:9f505dda5ac9f0c8309b5e8bd445a8c2bf7246f3ce950121e45ea15bc41d1494", size = 125813, upload-time = "2026-07-12T20:29:05.763Z" },
]

[[package]]
name = "av"
version = "18.1.0"
source = { registry = "https://pypi.org/simple" }
sdist = { url = "https://files.pythonhosted.org/packages/8d/f4/f22114d30d3435e38c6af2b4870f37b864403dca6ae7af747a289ce0a18e/av-18.1.0.tar.gz", hash = "sha256:47bfc286e1bc9de7ab4681fc2b575cd2460a66919d31ffe1bd5aa54fae531a28", size = 4451061, upload-time = "2026-08-12T22:28:18.761Z" }
wheels = [
    { url = "https://files.pythonhosted.org/packages/05/d4/d7cdc8bff143c17a6d35924375ae28dd692cacde38700a7d419fde54f44a/av-18.1.0-cp311-abi3-macosx_11_0_x86_64.whl", hash = "sha256:ae75d8bb6467895ed1f8572ededf7ffa49eac07f6e483222f5d7d62a41d12f04", size = 22546147, upload-time = "2026-08-12T22:27:11.851Z" },
    { url = "https://files.pythonhosted.org/packages/3f/c9/37a619297492256b77d5ed906e7d8166c10a26ed251dccf1ae03ab19bff6/av-18.1.0-cp311-abi3-macosx_14_0_arm64.whl", hash = "sha256:b30a4e8d934558e19602b68998a4d9ac9f250fa0dacef216f7e8e40153b13316", size = 18217603, upload-time = "2026-08-12T22:27:14.713Z" },
    { url = "https://files.pythonhosted.org/packages/d9/84/2464ffb64c08c5ce8b522c8e74594714414e3b0575267652c5c51c0574b9/av-18.1.0-cp311-abi3-manylinux_2_28_aarch64.whl", hash = "sha256:6fc837cc51adf80331ac850779cd53b5d4c4460b0ebe9057a02a921c6736f19d", size = 33640142, upload-time = "2026-08-12T22:27:17.835Z" },
    { url = "https://files.pythonhosted.org/packages/27/3a/204dbfc3e08eb4cdc6e6ff57be02150bc44523ebdb50182d10025792ebd9/av-18.1.0-cp311-abi3-manylinux_2_28_x86_64.whl", hash = "sha256:8a032e8d8ebc73dec079364b9b4a6837638a2d106e8472314e685ffbf163e700", size = 35786210, upload-time = "2026-08-12T22:27:20.984Z" },
    { url = "https://files.pythonhosted.org/packages/e1/99/b0d04ec553ff9a7e00455458dfa3a39c8a8f627b273056b4e5fe57d590de/av-18.1.0-cp311-abi3-manylinux_2_31_armv7l.whl", hash = "sha256:3c8b1f8b46f99d52e2d8b0ed5d0cdadf172d24794d46e2077b16e44ed08e26ff", size = 39379798, upload-time = "2026-08-12T22:27:24.432Z" },
    { url = "https://files.pythonhosted.org/packages/56/b1/e00d4feae59160149df6126585e726fdc6300798fd40c5dd324879e81f68/av-18.1.0-cp311-abi3-musllinux_1_2_aarch64.whl", hash = "sha256:ab5ac081bc9eaf54109120d4e56284674fecfbe520d9aa1707c7fa911ec5f4d2", size = 34690321, upload-time = "2026-08-12T22:27:27.769Z" },
    { url = "https://files.pythonhosted.org/packages/dc/94/836fa987e3084d11a21489f11357fb24843ef3aa8faf74ddddfc603d5062/av-18.1.0-cp311-abi3-musllinux_1_2_x86_64.whl", hash = "sha256:191224788d87af06c31784a395bb73f14b72f33d7f4871ace0157de2abdc6276", size = 36859932, upload-time = "2026-08-12T22:27:31.403Z" },
    { url = "https://files.pythonhosted.org/packages/33/b4/76ba21e46704f632004276b85289a1582e95f5eff760436d6149875a1881/av-18.1.0-cp311-abi3-win_amd64.whl", hash = "sha256:ea1480b7a8d5405cb5f382b344731bf125fd2c1c6fae3964f6c48595628387ff", size = 27595679, upload-time = "2026-08-12T22:27:35.177Z" },
    { url = "https://files.pythonhosted.org/packages/4f/ad/a3135884c5753b09773176b97201ae602f67ad14206c395ff838d66bf9b0/av-18.1.0-cp311-abi3-win_arm64.whl", hash = "sha256:5509ec12aaa19fd6601de13cfa6f4cdad450da07982118510592875d970454d6", size = 20257584, upload-time = "2026-08-12T22:27:38.472Z" },
]

[[package]]
name = "backports-tarfile"
version = "1.2.0"
source = { registry = "https://pypi.org/simple" }
sdist = { url = "https://files.pythonhosted.org/packages/86/72/cd9b395f25e290e633655a100af28cb253e4393396264a98bd5f5951d50f/backports_tarfile-1.2.0.tar.gz", hash = "sha256:d75e02c268746e1b8144c278978b6e98e85de6ad16f8e4b0844a154557eca991", size = 86406, upload-time = "2024-05-28T17:01:54.731Z" }
wheels = [
    { url = "https://files.pythonhosted.org/packages/b9/fa/123043af240e49752f1c4bd24da5053b6bd00cad78c2be53c0d1e8b975bc/backports.tarfile-1.2.0-py3-none-any.whl", hash = "sha256:77e284d754527b01fb1e6fa8a1afe577858ebe4e9dad8919e34c862cb399bc34", size = 30181, upload-time = "2024-05-28T17:01:53.112Z" },
]

[[package]]
name = "certifi"
version = "2026.7.22"
source = { registry = "https://pypi.org/simple" }
sdist = { url = "https://files.pythonhosted.org/packages/a3/c2/24167ea9858356b47a87a50d39908bfdb72ceeefe0041586e704e5376b3a/certifi-2026.7.22.tar.gz", hash = "sha256:741e2c3b351ddf169a738da9f2c048608ff7f2c5cc02f1ebc6b118bb090d5d55", size = 138112, upload-time = "2026-07-22T03:35:12.644Z" }
wheels = [
    { url = "https://files.pythonhosted.org/packages/0b/a7/71ac2cff56fec219ed242bb11b8efb69fcc4bec75db06fb7bfe35de520e6/certifi-2026.7.22-py3-none-any.whl", hash = "sha256:62f22742b58a1a33014a2b6b706588a8d7e2a88ae7bd1a6ebe8c992928483775", size = 136983, upload-time = "2026-07-22T03:35:11.276Z" },
]

[[package]]
name = "cffi"
version = "2.1.1"
source = { registry = "https://pypi.org/simple" }
dependencies = [
    { name = "pycparser", marker = "implementation_name != 'PyPy'" },
]
sdist = { url = "https://files.pythonhosted.org/packages/9e/ef/008a1939e372c06329a3fce4279c02f328488f3526744906eeec3da7ad5f/cffi-2.1.1.tar.gz", hash = "sha256:dd31f52ea1086513bb9df30f8fcee9b8918323ae067a3d5b78bc826a000712be", size = 530807, upload-time = "2026-08-03T21:21:18.939Z" }
wheels = [
    { url = "https://files.pythonhosted.org/packages/ad/5a/4707a0dc1f203f5dde5a907b0d4e3c25d71120241048bd5bc6f1bb9d4e71/cffi-2.1.1-cp311-cp311-manylinux1_i686.manylinux2014_i686.manylinux_2_17_i686.manylinux_2_5_i686.whl", hash = "sha256:154852545011f779917b11c78db2358d095da62a9a172b78ad0a583ee5adc0d0", size = 211805, upload-time = "2026-08-03T21:19:31.867Z" },
    { url = "https://files.pythonhosted.org/packages/ad/66/c19feabb28485b6e0bbaaafa90837a1ef5d302e90f2178bd33f17a49879b/cffi-2.1.1-cp311-cp311-manylinux2014_aarch64.manylinux_2_17_aarch64.whl", hash = "sha256:3311ed60d36f83378794e1009ac6258bafbf81f7888b4caa7b35a521e3f95813", size = 218716, upload-time = "2026-08-03T21:19:32.896Z" },
    { url = "https://files.pythonhosted.org/packages/a7/92/500760486c8baab49a7a8a58ba7fc3355ec3974b454b8a09e528efde9e1d/cffi-2.1.1-cp311-cp311-manylinux2014_ppc64le.manylinux_2_17_ppc64le.whl", hash = "sha256:6e192623c49c94421616a5778fba35cf0d5a8d000650c1967ef4448ee5cdd990", size = 205569, upload-time = "2026-08-03T21:19:34.142Z" },
    { url = "https://files.pythonhosted.org/packages/a5/a7/a67c733254d6e7373f7822f8082d8d6beade791e0cf12a7611f376fa61c7/cffi-2.1.1-cp311-cp311-manylinux2014_s390x.manylinux_2_17_s390x.whl", hash = "sha256:a6e721d4b0e45d5b65e87534470e67b18dcd092c83f68fba09f152b9cbc061af", size = 204907, upload-time = "2026-08-03T21:19:35.174Z" },
    { url = "https://files.pythonhosted.org/packages/f7/a4/4399daaf8f7dfee9d7c3327fdb0426ee041cc63edc358b93911ceb2bfc7a/cffi-2.1.1-cp311-cp311-manylinux2014_x86_64.manylinux_2_17_x86_64.whl", hash = "sha256:34e261f78cb6ceaaa36f42f2613f4380d94d9c759a9c73c769ee6e0247364632", size = 217807, upload-time = "2026-08-03T21:19:36.286Z" },
    { url = "https://files.pythonhosted.org/packages/28/f7/dabe6da2466ecbd82dc62e7342dc6b1065dad990c06f00f0ede9ebf2a0ed/cffi-2.1.1-cp311-cp311-musllinux_1_2_aarch64.whl", hash = "sha256:7225e4514edb64eb6740324353e0da0711954fd8d7da4576755b1c6e09b697cd", size = 221252, upload-time = "2026-08-03T21:19:37.416Z" },
    { url = "https://files.pythonhosted.org/packages/ce/87/616202d8e51342c07d2534c510111c4cc37201775ce8f60802c9335d1edd/cffi-2.1.1-cp311-cp311-musllinux_1_2_i686.whl", hash = "sha256:df913725b79db7bcf03448f36b7bf8815363417d5b58deecf9305e3e30f0f21a", size = 214214, upload-time = "2026-08-03T21:19:38.507Z" },
    { url = "https://files.pythonhosted.org/packages/b4/c6/ab025d75d2c26c19b087c0124e75ee31cb65032f4fe345d356d8c507ab97/cffi-2.1.1-cp311-cp311-musllinux_1_2_x86_64.whl", hash = "sha256:f5cfbc5fe74540d335175b656c725d74d90e3730c626d92575eea35029d9afaa", size = 219408, upload-time = "2026-08-03T21:19:39.809Z" },
]

[[package]]
name = "click"
version = "8.4.2"
source = { registry = "https://pypi.org/simple" }
dependencies = [
    { name = "colorama", marker = "sys_platform == 'win32'" },
]
sdist = { url = "https://files.pythonhosted.org/packages/76/d4/81420972a676e8ffea40450d8c8c92943e7218a78fe9b64359836cc9876b/click-8.4.2.tar.gz", hash = "sha256:9a6cea6e60b17ebe0a44c5cc636d94f09bd66142c1cd7d8b4cd731c4917a15f6", size = 338000, upload-time = "2026-06-24T17:45:15.148Z" }
wheels = [
    { url = "https://files.pythonhosted.org/packages/fb/e2/79c688af8b210d232694e31e59da9f6ec747bae31c3f5946e4e9b98860d5/click-8.4.2-py3-none-any.whl", hash = "sha256:e6f9f66136c816745b9d65817da91d61d957fb16e02e4dcd0552553c5a197b76", size = 119243, upload-time = "2026-06-24T17:45:13.73Z" },
]

[[package]]
name = "colorama"
version = "0.4.6"
source = { registry = "https://pypi.org/simple" }
sdist = { url = "https://files.pythonhosted.org/packages/d8/53/6f443c9a4a8358a93a6792e2acffb9d9d5cb0a5cfd8802644b7b1c9a02e4/colorama-0.4.6.tar.gz", hash = "sha256:08695f5cb7ed6e0531a20572697297273c47b8cae5a63ffc6d6ed5c201be6e44", size = 27697, upload-time = "2022-10-25T02:36:22.414Z" }
wheels = [
    { url = "https://files.pythonhosted.org/packages/d1/d6/3965ed04c63042e047cb6a3e6ed1a63a35087b6a609aa3a15ed8ac56c221/colorama-0.4.6-py2.py3-none-any.whl", hash = "sha256:4f1d9991f5acc0ca119f9d443620b77f9d6b33703e51011c16baf57afb285fc6", size = 25335, upload-time = "2022-10-25T02:36:20.889Z" },
]

[[package]]
name = "coverage"
version = "7.15.4"
source = { registry = "https://pypi.org/simple" }
sdist = { url = "https://files.pythonhosted.org/packages/be/c3/4f2195f512fb172aa425a8803a874b2baa9ba7f80ff7b6080998761fc701/coverage-7.15.4.tar.gz", hash = "sha256:0548198fff07ccf4faf469520bce1c2eceb1ce3e62891921138dec10907f9d00", size = 936952, upload-time = "2026-08-06T13:50:24.442Z" }
wheels = [
    { url = "https://files.pythonhosted.org/packages/2a/66/edcec7d7a0b524aa8923e22925fde6fe50ce005a113dca13ae1581455c4c/coverage-7.15.4-cp311-cp311-macosx_10_9_x86_64.whl", hash = "sha256:bbac5abad70df71019988f83f26ac7092ff2642975def4429e98dc7585ef3490", size = 222367, upload-time = "2026-08-06T13:47:15.578Z" },
    { url = "https://files.pythonhosted.org/packages/e6/c6/ab8de429e2e8548faf58ec7e1674a4ce00414b4113942d3fe87109cf0f68/coverage-7.15.4-cp311-cp311-macosx_11_0_arm64.whl", hash = "sha256:357a173465c7ce028d07a95cc2b63b5bf59f50ecdd5ad75c5cbb78ada984048e", size = 222874, upload-time = "2026-08-06T13:47:16.961Z" },
    { url = "https://files.pythonhosted.org/packages/be/c4/3b7b49587e8a6b9af79b3eb468d443d6042b6d65b47aa26586846a0d6566/coverage-7.15.4-cp311-cp311-manylinux1_i686.manylinux_2_28_i686.manylinux_2_5_i686.whl", hash = "sha256:21b803935e2efc3acebe9697197a294fccf5dc4e5382bd6369542ff7a7d2a1d7", size = 253287, upload-time = "2026-08-06T13:47:18.291Z" },
    { url = "https://files.pythonhosted.org/packages/fb/65/ec03b743a2a229c72cc1eff3e57be9d3564e9c6b4d5aba2d70744a3fc0d8/coverage-7.15.4-cp311-cp311-manylinux1_x86_64.manylinux_2_28_x86_64.manylinux_2_5_x86_64.whl", hash = "sha256:7a2b580774a4786c1053157c0165e04476e03ff293993d7c148eee784a94bae6", size = 255199, upload-time = "2026-08-06T13:47:19.765Z" },
    { url = "https://files.pythonhosted.org/packages/41/4b/5163729e4b6582d61975cfd3ccab45b4ec53e21cf156d9941cb025188468/coverage-7.15.4-cp311-cp311-manylinux2014_aarch64.manylinux_2_17_aarch64.manylinux_2_28_aarch64.whl", hash = "sha256:a9464451c4efffe8d47ace5a540b10b0dc10e879066290f8600872b7f54a419d", size = 257308, upload-time = "2026-08-06T13:47:21.206Z" },
    { url = "https://files.pythonhosted.org/packages/86/08/2167a0f08fb87d702fa423a48578a32865464b7c9e1db3911ad7812ab414/coverage-7.15.4-cp311-cp311-manylinux2014_ppc64le.manylinux_2_17_ppc64le.manylinux_2_28_ppc64le.whl", hash = "sha256:de602f34123c2f4af1c1869c6dbbbd60da6d5983bf01937367295d135cccbfce", size = 259268, upload-time = "2026-08-06T13:47:22.503Z" },
    { url = "https://files.pythonhosted.org/packages/1e/e5/68eebae3053dbd48508edea559c21b23fbdf3460784f91370c83a86a6acd/coverage-7.15.4-cp311-cp311-manylinux_2_31_riscv64.manylinux_2_39_riscv64.whl", hash = "sha256:6879ded16a27f3eeca19b900c147e81616e7054db451471a611b2755ee5249f7", size = 253392, upload-time = "2026-08-06T13:47:23.88Z" },
    { url = "https://files.pythonhosted.org/packages/1a/46/fd4ced40a2b691c774e515c9b69500bfa64c7960b67fcee4b2f6fad97fc3/coverage-7.15.4-cp311-cp311-musllinux_1_2_aarch64.whl", hash = "sha256:986be58c3ab54aae8d3496a6225eea74f760fdbe739b38bd442c7e8d133aa53b", size = 255001, upload-time = "2026-08-06T13:47:25.469Z" },
    { url = "https://files.pythonhosted.org/packages/53/25/ae2e5fa710bb6957a9aadeb9e3598d3b3e4af6587ce857ad42e8639a3f30/coverage-7.15.4-cp311-cp311-musllinux_1_2_i686.whl", hash = "sha256:c6103639613fe6c1e989082948419bc77a2d26b6c825c99d7fad25f7d3d87afc", size = 253061, upload-time = "2026-08-06T13:47:26.845Z" },
    { url = "https://files.pythonhosted.org/packages/d7/31/67ddc0365db2c6e93ac8580bc4bbc50f65273262f973f63ebcdbc15c0495/coverage-7.15.4-cp311-cp311-musllinux_1_2_ppc64le.whl", hash = "sha256:d3af93dddb5659276c63bc16ac6466ac2033a70ca816097bbc06345b8ccdf571", size = 256831, upload-time = "2026-08-06T13:47:28.217Z" },
    { url = "https://files.pythonhosted.org/packages/f6/78/82b8fd18f57fb13f12d98fe874995bb2c4f9f17be8aff762c426323fdb96/coverage-7.15.4-cp311-cp311-musllinux_1_2_riscv64.whl", hash = "sha256:b10075e5421d04265766a6d1dac809bbeb8a946fbb23c8f82c227409b2190719", size = 252781, upload-time = "2026-08-06T13:47:29.712Z" },
    { url = "https://files.pythonhosted.org/packages/0a/eb/6c74ef4dd12b252e573c49bdef9e2ac265bf3dbb79b8d7feb3266e084e9e/coverage-7.15.4-cp311-cp311-musllinux_1_2_x86_64.whl", hash = "sha256:a67a9f78b2942d87ba8ce3059c642164d2aedd65337377fb52fe980365Û_tÚÚ$z{-®éÜj×‚Ó…Cc£C“£#‚ã“E¢"ÒÀ¢²W&ÂÒ&‡GG3¢òöf–ÆW2ç—F†öæ†÷7FVBæ÷&r÷6¶vW2ó3róbó&&fcCCCƒ3s#cV3cƒ6&#†cFV#C†V66ScVS3CCcs#f63–f#“cc"÷6†W'ööæç‚Óã2ãbÖ73Ö73×v–åöÖCcBçv†Â"Â†6‚Ò'6†#Sc£&6fF6fc†fF#vf&c“#–Cc†CVfFV#“†3F6S#Sƒ#sCc#CFVFSS“3“c#‚"Â6—¦RÒ##sCsBÂWÆöB×F–ÖRÒ###bÓ‚Ó…Cs£3S£ãcS%¢"ÒÀ¢²W&ÂÒ&‡GG3¢òöf–ÆW2ç—F†öæ†÷7FVBæ÷&r÷6¶vW2öSóC‚öC&#sC“ƒS–c†VVcSFC–F6f&C3C3FC#CƒfS6Sc66633c3s““r÷6†W'ööæç‚Óã2ãbÖ73Ö73×v–åö&ÓcBçv†Â"Â†6‚Ò'6†#Sc£V†VcCƒsVc–&cc33ƒS#3f#6c“Csf&FCƒcSvVFCC6ff6f#ƒv#c–3F3SC#vR"Â6—¦RÒ##3ƒcC2ÂWÆöB×F–ÖRÒ###bÓ‚Ó…Cc£SC£SãS“E¢"ÒÀ¥Ğ ¥µ·6¶vUÕĞ¦æÖRÒ'6†–&ö¶Vãb §fW'6–öâÒ#bãã" §6÷W&6RÒ²&Vv—7G'’Ò&‡GG3¢ò÷—’æ÷&r÷6–×ÆR"Ğ§v†VVÇ2Ò°¢²W&ÂÒ&‡GG3¢òöf–ÆW2ç—F†öæ†÷7FVBæ÷&r÷6¶vW2óCróCBó&cs33fSs“3f#FS“#6SVFC#3S“–F#S#v3CCƒ†#ƒc#ccƒ–6S““Cr÷6†–&ö¶VãbÓbãã"Ö73Ö&“2ÖÖ6÷7…ó5ó÷Væ—fW'6Ã"çv†Â"Â†6‚Ò'6†#Sc£S3cS“cƒ6#cv†S–cƒvVfc–#cVc6V#s6CvF&3–fFcVVfSC6C#ƒccFB"Â6—¦RÒCsccsBÂWÆöB×F–ÖRÒ###bÓ‚Ó…Cc£3s£ãS#e¢"ÒÀ¢²W&ÂÒ&‡GG3¢òöf–ÆW2ç—F†öæ†÷7FVBæ÷&r÷6¶vW2öRó–öcC&VC3fC3&V3CƒƒC&F6#F&C†fC6S#–Cfs–3C“f&33&SV3C#Sƒ2÷6†–&ö¶VãbÓbãã"Ö73Ö&“2ÖÖç–Æ–çW…ó%ó3E÷ƒƒeócBçv†Â"Â†6‚Ò'6†#Sc£vvs&–VC#f3–&csvCC##Cf#3s3cCƒf&Vf#†c3&f##““SvVF6FC33""Â6—¦RÒ#s#C3RÂWÆöB×F–ÖRÒ###bÓ‚Ó…Cc£3s£2ã3“u¢"ÒÀ¢²W&ÂÒ&‡GG3¢òöf–ÆW2ç—F†öæ†÷7FVBæ÷&r÷6¶vW2óSbóRós–VCc“sSVCFf3sC3SCS–SFVCF3F6#Sc#SV#v3“Cc6c&636Ccv÷6†–&ö¶VãbÓbãã"Ö73Ö&“2ÖÖç–Æ–çW…ó%ó3•ö&6ƒcBçv†Â"Â†6‚Ò'6†#Sc£F&&&CffFCv6fcVV3VS&&3F3SCƒCVf33ƒ“CSvV6#663cFcv&FF#svcfc’"Â6—¦RÒ#scc‚ÂWÆöB×F–ÖRÒ###bÓ‚Ó…Cc£3s£Rã#U¢"ÒÀ¢²W&ÂÒ&‡GG3¢òöf–ÆW2ç—F†öæ†÷7FVBæ÷&r÷6¶vW2ö6Róf"öfVS#CƒC3vSCccFS3ƒcCF3–3scsf3cVsSV#&#–C63C#“FF3÷6†–&ö¶VãbÓbãã"Ö73Ö&“2×v–åöÖCcBçv†Â"Â†6‚Ò'6†#Sc£f#V&3“CCSVFcc#c–fFc66&&#ƒ“f&#ƒcsSs&C&&3FS3sƒFS“c–"Â6—¦RÒ##cSs‚ÂWÆöB×F–ÖRÒ###bÓ‚Ó…Cc£3s£‚ã%¢"ÒÀ¢²W&ÂÒ&‡GG3¢òöf–ÆW2ç—F†öæ†÷7FVBæ÷&r÷6¶vW2óFBö#Róƒ3FSVfV#†3ssv6cV&V6fSƒv3s“v33SSFc#Vcsƒ“sƒvS–CR÷6†–&ö¶VãbÓbãã"Ö73Ö&“2×v–åö&ÓcBçv†Â"Â†6‚Ò'6†#Sc£“v3C“C3#Cƒ†Fc“S†c3ƒs3fc6CV#c“VCƒƒ#ff33ƒcv&#F#–V3V3FVSƒ""Â6—¦RÒsƒCcc’ÂWÆöB×F–ÖRÒ###bÓ‚Ó…Cc£3s£#ãCe¢"ÒÀ¥Ğ ¥µ·6¶vUÕĞ¦æÖRÒ'Fö¶Væ—¦W'2 §fW'6–öâÒ#ã#2ã §6÷W&6RÒ²&Vv—7G'’Ò&‡GG3¢ò÷—’æ÷&r÷6–×ÆR"Ğ¦FWVæFVæ6–W2Ò°¢²æÖRÒ&‡Vvv–ævf6RÖ‡V""ÒÀ¥Ğ§6F—7BÒ²W&ÂÒ&‡GG3¢òöf–ÆW2ç—F†öæ†÷7FVBæ÷&r÷6¶vW2ö3ócó#csVC–f&VcSCvfcsS“Cs&FSS†V3FSvCc&&6VCv6#ƒCs#3–s2÷Fö¶Væ—¦W'2Óã#2ãçF"æw¢"Â†6‚Ò'6†#Sc£fVVVFcƒcVs“VF3#SCCVFV3S““36SS“633&#“f3#sv6VS3fFS##v3†&f"Â6—¦RÒ3cSsC‚ÂWÆöB×F–ÖRÒ###bÓBÓ#uCC£C3£#Rãce¢"Ğ§v†VVÇ2Ò°¢²W&ÂÒ&‡GG3¢òöf–ÆW2ç—F†öæ†÷7FVBæ÷&r÷6¶vW2óƒró3’ö#ƒvƒvCV&#“Csc#ƒ&C3FcC&f6ffVc3S†#†#“s“S&#&fcS“†63r÷Fö¶Væ—¦W'2Óã#2ãÖ73Ö&“2ÖÖ6÷7…óó%÷ƒƒeócBçv†Â"Â†6‚Ò'6†#Sc¦S6Cfff6&SCSfVS–366CsSs6fsSs#v3#svS3ƒS&6&3#S&3###B"Â6—¦RÒ3Ccs3"ÂWÆöB×F–ÖRÒ###bÓBÓ#uCC£C3£RãC#u¢"ÒÀ¢²W&ÂÒ&‡GG3¢òöf–ÆW2ç—F†öæ†÷7FVBæ÷&r÷6¶vW2öS"ófóc†VC–cfSCCF3–CvS–CSV6S3Cƒ3#Ssc6Cvc3Cs#&F3†cƒC†Cs#r÷Fö¶Væ—¦W'2Óã#2ãÖ73Ö&“2ÖÖ6÷7…óóö&ÓcBçv†Â"Â†6‚Ò'6†#Sc¦S“C†&&#3Cv6Ff3–f#fCc&3S“fS6#sSS3fCcV6CcSFcfC#s33#c3#FR"Â6—¦RÒ3SC“SBÂWÆöB×F–ÖRÒ###bÓBÓ#uCC£C3£2ãsCU¢"ÒÀ¢²W&ÂÒ&‡GG3¢òöf–ÆW2ç—F†öæ†÷7FVBæ÷&r÷6¶vW2óf2ó3böSfVFc3SF6&“&#ƒCcSvC“&36&S3c3VSF3F##V#–&#3–FFSs÷Fö¶Væ—¦W'2Óã#2ãÖ73Ö&“2ÖÖç–Æ–çW…ó%óuö&6ƒcBæÖç–Æ–çWƒ#Eö&6ƒcBçv†Â"Â†6‚Ò'6†#Sc£&c3C&fc–&3S363ƒ–6#ƒC–V36#C&F36f&V63“sCCƒCSC#6Cv&c6cvF3S2"Â6—¦RÒ33sCƒÂWÆöB×F–ÖRÒ###bÓBÓ#uCC£C3£ã#C¢"ÒÀ¢²W&ÂÒ&‡GG3¢òöf–ÆW2ç—F†öæ†÷7FVBæ÷&r÷6¶vW2ö"öVbóss3VC##fc–3vcƒsFf&VSVS6c#vf##VV6&Fc#vC3v#†6cCS#ƒfCs“Sƒ“2÷Fö¶Væ—¦W'2Óã#2ãÖ73Ö&“2ÖÖç–Æ–çW…ó%óuö&×cvÂæÖç–Æ–çWƒ#Eö&×cvÂçv†Â"Â†6‚Ò'6†#Sc¦cƒ3f6s6#ƒ–Ss“–3–c“cScvƒ†fCV36CVcs†&VCƒsV3#Sf&Cb"Â6—¦RÒ3#CscCÂWÆöB×F–ÖRÒ###bÓBÓ#uCC£C3£2ãƒSe¢"ÒÀ¢²W&ÂÒ&‡GG3¢òöf–ÆW2ç—F†öæ†÷7FVBæ÷&r÷6¶vW2ö#’öC’ó#Cƒ#s3fcfS##“v&fffFsc†SS†V#c“fFcCS“3#“cFssƒSs“3÷Fö¶Væ—¦W'2Óã#2ãÖ73Ö&“2ÖÖç–Æ–çW…ó%óuö“cƒbæÖç–Æ–çWƒ#Eö“cƒbçv†Â"Â†6‚Ò'6†#Sc¦SƒCƒcSssC#3SS#6fFc#css3c36#ƒ–#c““Vf6C6C–V6S3FcfSVC“S’"Â6—¦RÒ3SƒSc#BÂWÆöB×F–ÖRÒ###bÓBÓ#uCC£C3£ãccE¢"ÒÀ¢²W&ÂÒ&‡GG3¢òöf–ÆW2ç—F†öæ†÷7FVBæ÷&r÷6¶vW2ó2ó–ó#&c3Sƒ&#6FcC“3Sƒ#“6S#fS#S3sc#VSCS#f&fS–6Fcv&SssR÷Fö¶Væ—¦W'2Óã#2ãÖ73Ö&“2ÖÖç–Æ–çW…ó%óu÷3cFÆRæÖç–Æ–çWƒ#E÷3cFÆRçv†Â"Â†6‚Ò'6†#Sc£S6#–SƒSssVCSƒs“CSv&#3S“C#C3F#FvFC†3c†Ssƒ6C#3f#v6#v3S"Â6—¦RÒ3ƒCCc"ÂWÆöB×F–ÖRÒ###bÓBÓ#uCC£C3£RãcC5¢"ÒÀ¢²W&ÂÒ&‡GG3¢òöf–ÆW2ç—F†öæ†÷7FVBæ÷&r÷6¶vW2óvRócRö#†cƒƒFVVc“Sƒc#s#3ƒC3fC–C###CCS##ƒsC3Sv6#sSC&33“&b÷Fö¶Væ—¦W'2Óã#2ãÖ73Ö&“2ÖÖç–Æ–çW…ó%óu÷33“‚æÖç–Æ–çWƒ#E÷33“‚çv†Â"Â†6‚Ò'6†#Sc¦VV6SssC3#–f†V6ccCV6FScF#ccsƒ“#cƒƒS36cƒ“ƒFSs"Â6—¦RÒ3Cc“‚ÂWÆöB×F–ÖRÒ###bÓBÓ#uCC£C3£‚ãƒSE¢"ÒÀ¢²W&ÂÒ&‡GG3¢òöf–ÆW2ç—F†öæ†÷7FVBæ÷&r÷6¶vW2óBöCRó3S6SVccsvV3#v3#C“Ff#fcs#VSƒ&CSf3“ƒVcS6S“V3S3c–SvSFc&3b÷Fö¶Væ—¦W'2Óã#2ãÖ73Ö&“2ÖÖç–Æ–çW…ó%óu÷ƒƒeócBæÖç–Æ–çWƒ#E÷ƒƒeócBçv†Â"Â†6‚Ò'6†#Sc£SsV#CScCVVC†““&C“3c“–3cfV#“S&&cS–cFCSs#sƒ–“†&FCVB"Â6—¦RÒ33Cc#3RÂWÆöB×F–ÖRÒ###bÓBÓ#uCC£C3£"ã3su¢"ÒÀ¢²W&ÂÒ&‡GG3¢òöf–ÆW2ç—F†öæ†÷7FVBæ÷&r÷6¶vW2ósóƒ’ó3–#f#†f3s6f#fCC6CCv336F3vVfcv&ScSc3–3–C““3##&c32÷Fö¶Væ—¦W'2Óã#2ãÖ73Ö&“2ÖÖç–Æ–çW…ó%ó3÷&—67ccBçv†Â"Â†6‚Ò'6†#Sc£Sfc6svFSc#““scS&cƒsc#“FF3–fSf&CF3C6&3##–F3s&SS–&##6cCs#–"Â6—¦RÒ3C#c3“‚ÂWÆöB×F–ÖRÒ###bÓBÓ#uCC£C3£rã#cE¢"ÒÀ¢²W&ÂÒ&‡GG3¢òöf–ÆW2ç—F†öæ†÷7FVBæ÷&r÷6¶vW2óbóƒó#v3ƒSFFcCƒ#vSV#s“#cF6SS#C““6“FFF6#3#SV6CC#C&3V3&c–S†÷Fö¶Væ—¦W'2Óã#2ãÖ73Ö&“2Ö×W6ÆÆ–çW…óó%ö&6ƒcBçv†Â"Â†6‚Ò'6†#Sc£–CfC“SvVcƒ“fF3#sFSƒ“VVS#vCC&CSsFVc3Sccfcf333CSƒFR"Â6—¦RÒ“ƒ#3#s’ÂWÆöB×F–ÖRÒ###bÓBÓ#uCC£C3£rã##%¢"ÒÀ¢²W&ÂÒ&‡GG3¢òöf–ÆW2ç—F†öæ†÷7FVBæ÷&r÷6¶vW2öfRö&óCF3#S&fV#S†c“fFFf#FS““fVc3##V3ƒ†S–#“FS“cƒ–fS“2÷Fö¶Væ—¦W'2Óã#2ãÖ73Ö&“2Ö×W6ÆÆ–çW…óó%ö&×cvÂçv†Â"Â†6‚Ò'6†#Sc£“sC#ƒ†c–33C3ssFc#ƒ“v3†#Cƒ&3s“#v#sV#V3†3&#s3sScV3Cƒ##ƒ‚"Â6—¦RÒ“cCC“ƒbÂWÆöB×F–ÖRÒ###bÓBÓ#uCC£C3£’ãCU¢"ÒÀ¢²W&ÂÒ&‡GG3¢òöf–ÆW2ç—F†öæ†÷7FVBæ÷&r÷6¶vW2ó–Rö3óCcC––f#S“ƒs&fSFVV&#F&##†c3C#3VS#S†&cVSsƒ#“f&C3ƒCr÷Fö¶Væ—¦W'2Óã#2ãÖ73Ö&“2Ö×W6ÆÆ–çW…óó%ö“cƒbçv†Â"Â†6‚Ò'6†#Sc£#Cc†f#F3#FfcSC63ƒ3VFf&fFFV#6c#3V3–#fSƒ6C#SS6“scVCB"Â6—¦RÒ““scƒÂWÆöB×F–ÖRÒ###bÓBÓ#uCC£C3£#ãCc5¢"ÒÀ¢²W&ÂÒ&‡GG3¢òöf–ÆW2ç—F†öæ†÷7FVBæ÷&r÷6¶vW2ós’ó“Bó63C3&&F3c#csS–#f#s–#“vSS33ƒF#“F3†c63c#&3VF3"÷Fö¶Væ—¦W'2Óã#2ãÖ73Ö&“2Ö×W6ÆÆ–çW…óó%÷ƒƒeócBçv†Â"Â†6‚Ò'6†#Sc¦S6C†cCVc#cƒCvFSsCc“c3#f&VCS3Fc#vCFSƒCCv##3sc6fSSƒ†3†“b"Â6—¦RÒ3ƒS2ÂWÆöB×F–ÖRÒ###bÓBÓ#uCC£C3£#2ãcu¢"ÒÀ¢²W&ÂÒ&‡GG3¢òöf–ÆW2ç—F†öæ†÷7FVBæ÷&r÷6¶vW2óföFBóc3##C363ss#3ƒ#S3S3#fcV6ƒ#–3–6VS&ScC“cFC““6&3–3Ccc–R÷Fö¶Væ—¦W'2Óã#2ãÖ73Ö&“2×v–ã3"çv†Â"Â†6‚Ò'6†#Sc£“3#“3#““CfFv6C&ccf3““–63c–66Ss“ƒf#CS#sscc“C‚"Â6—¦RÒ#S3c#c2ÂWÆöB×F–ÖRÒ###bÓBÓ#uCC£C3£#’ãƒƒ…¢"ÒÀ¢²W&ÂÒ&‡GG3¢òöf–ÆW2ç—F†öæ†÷7FVBæ÷&r÷6¶vW2ó“rö3’ó#SS6cs&ccV#s“vCC##–S3vfvf&S3†ff&c6S3#“&C3&FCs†#33#6SS’÷Fö¶Væ—¦W'2Óã#2ãÖ73Ö&“2×v–åöÖCcBçv†Â"Â†6‚Ò'6†#Sc¦Sv&fc““V3&F&&C#C3S3–FV6#ccS“cs3sS“3ƒc#vCƒVFV#sƒƒcf#r"Â6—¦RÒ#s“ƒ##2ÂWÆöB×F–ÖRÒ###bÓBÓ#uCC£C3£#‚ãS¢"ÒÀ¢²W&ÂÒ&‡GG3¢òöf–ÆW2ç—F†öæ†÷7FVBæ÷&r÷6¶vW2ö6Bó&"ó&&S#“–&#SVf3S“VS6C3ƒScvVF#ƒvcƒfSS“CƒC#“c†f“SVv&F6cC#"÷Fö¶Væ—¦W'2Óã#2ãÖ73Ö&“2×v–åö&ÓcBçv†Â"Â†6‚Ò'6†#Sc¦#c“s“SvC†SCC#VFf&sCc3Vc63C#VV6fƒ3cv3Vf&3FV3s3CCsƒ“6F6V’"Â6—¦RÒ#ccC#rÂWÆöB×F–ÖRÒ###bÓBÓ#uCC£C3£#bã“C•¢"ÒÀ¥Ğ ¥µ·6¶vUÕĞ¦æÖRÒ'FöÖÆ’ §fW'6–öâÒ#"ãBã §6÷W&6RÒ²&Vv—7G'’Ò&‡GG3¢ò÷—’æ÷&r÷6–×ÆR"Ğ§6F—7BÒ²W&ÂÒ&‡GG3¢òöf–ÆW2ç—F†öæ†÷7FVBæ÷&r÷6¶vW2ó#"öFRóC†3S“s##Ss#scsƒCC“6##cƒ6C63CCSFfCsS–3Scv3CS“#cSc6b÷FöÖÆ’Ó"ãBãçF"æw¢"Â†6‚Ò'6†#Sc£v3vS“c#&c#Cs&33V#c–ffS3&33–F6#cv&“ƒScƒs&#–63#6b"Â6—¦RÒsSC2ÂWÆöB×F–ÖRÒ###bÓ2Ó#UC#£##£2ãƒ#…¢"Ğ§v†VVÇ2Ò°¢²W&ÂÒ&‡GG3¢òöf–ÆW2ç—F†öæ†÷7FVBæ÷&r÷6¶vW2öcBóöF#6CSƒƒVCƒS#ƒ#c6C†F3#c&#&C#†V&c#s#“fS“†cS#c†C3&#†C““÷FöÖÆ’Ó"ãBãÖ73Ö73ÖÖ6÷7…óó•÷ƒƒeócBçv†Â"Â†6‚Ò'6†#Sc¦c†cf3#fV3&63&#“cV#v6#ƒv6C–3V3f#†3VSVcC3f#“ƒFSƒVcCƒfCcS##ƒV33"Â6—¦RÒSCsBÂWÆöB×F–ÖRÒ###bÓ2Ó#UC#£#£ãCs5¢"ÒÀ¢²W&ÂÒ&‡GG3¢òöf–ÆW2ç—F†öæ†÷7FVBæ÷&r÷6¶vW2ófBöcrócsVF#S&3vSCccF–“#ƒƒƒV–##cC#FV6#–&3&S6SsF3“ccC†C#"÷FöÖÆ’Ó"ãBãÖ73Ö73ÖÖ6÷7…óóö&ÓcBçv†Â"Â†6‚Ò'6†#Sc£F#“vScF66FƒsSc3scƒ“&3S6s&&Cc“cFSS–3ss#3c3cƒS#vcsS†f&33fS6"Â6—¦RÒC“CSBÂWÆöB×F–ÖRÒ###bÓ2Ó#UC#£#£"ã3e¢"ÒÀ¢²W&ÂÒ&‡GG3¢òöf–ÆW2ç—F†öæ†÷7FVBæ÷&r÷6¶vW2ócósóƒ3S“C66c“S6Vf3V&6SscCf6#66cCSvvC†33##v6f#CCs#3Vc–VR÷FöÖÆ’Ó"ãBãÖ73Ö73ÖÖç–Æ–çWƒ#Eö&6ƒcBæÖç–Æ–çW…ó%óuö&6ƒcBæÖç–Æ–çW…ó%ó#…ö&6ƒcBçv†Â"Â†6‚Ò'6†#Sc£“cCƒSsƒcs#–fCCscF#Cv6F#6SSSƒc&C“fcCSVVSC#CC6&Ssv6#Vsb"Â6—¦RÒ#3sScÂWÆöB×F–ÖRÒ###bÓ2Ó#UC#£#£2ã“…¢"ÒÀ¢²W&ÂÒ&‡GG3¢òöf–ÆW2ç—F†öæ†÷7FVBæ÷&r÷6¶vW2óC‚ö3öcCC–6#c†6666vFcƒ&ccƒ&c–#C“63“3“s#&6#–cS3#–S6&33r÷FöÖÆ’Ó"ãBãÖ73Ö73ÖÖç–Æ–çWƒ#E÷ƒƒeócBæÖç–Æ–çW…ó%óu÷ƒƒeócBæÖç–Æ–çW…ó%ó#…÷ƒƒeócBçv†Â"Â†6‚Ò'6†#Sc£Vƒƒ##†3&ccƒƒ##c†6V63SC&C#“CcvS3†3ƒƒFCcs3f6&6Cƒ#CvS’"Â6—¦RÒ#C3ƒ#BÂWÆöB×F–ÖRÒ###bÓ2Ó#UC#£#£BãSc•¢"ÒÀ¢²W&ÂÒ&‡GG3¢òöf–ÆW2ç—F†öæ†÷7FVBæ÷&r÷6¶vW2ó#"öSBóVƒfV6FCc†6Sf#sSfVccƒF#“c#sƒf3S&f3cvc“ƒvS63cCƒCfB÷FöÖÆ’Ó"ãBãÖ73Ö73Ö×W6ÆÆ–çW…óó%ö&6ƒcBçv†Â"Â†6‚Ò'6†#Sc£CsC–CV&C3ƒsc3†&S6ƒCƒcF&c#v#s&3Sƒf&33cc–#6&3Sc#f##62"Â6—¦RÒ#C###rÂWÆöB×F–ÖRÒ###bÓ2Ó#UC#£#£Rãs%¢"ÒÀ¢²W&ÂÒ&‡GG3¢òöf–ÆW2ç—F†öæ†÷7FVBæ÷&r÷6¶vW2óf"óC’ó&#&VcS#–fVV3#CVC#Vc3s6S#s3“SVCvVFcs6SvcSFFF3c†R÷FöÖÆ’Ó"ãBãÖ73Ö73Ö×W6ÆÆ–çW…óó%÷ƒƒeócBçv†Â"Â†6‚Ò'6†#Sc¦V3–&fc6C&FcS6SƒcƒƒC6fFV&3–#C†cffcsƒ““CVSS“3s†f6&2"Â6—¦RÒ#CsƒS’ÂWÆöB×F–ÖRÒ###bÓ2Ó#UC#£#£rã¢"ÒÀ¢²W&ÂÒ&‡GG3¢òöf–ÆW2ç—F†öæ†÷7FVBæ÷&r÷6¶vW2óƒ2ö&Bóf3c3V633vSSs†3S“3Fcƒ3&F“3F3C#fc“#3C#“3“f6S633Ccr÷FöÖÆ’Ó"ãBãÖ73Ö73×v–ã3"çv†Â"Â†6‚Ò'6†#Sc¦fc#“ƒ3“ƒ6C3Cƒ63V#fƒ““Ssf36##ƒƒ–VSƒ6##v3VVV#CSSc3C’"Â6—¦RÒ“s#BÂWÆöB×F–ÖRÒ###bÓ2Ó#UC#£#£‚ãs•¢"ÒÀ¢²W&ÂÒ&‡GG3¢òöf–ÆW2ç—F†öæ†÷7FVBæ÷&r÷6¶vW2óC"óS’ósCcFcƒƒScCvS#f&#sƒ&C#†SccCƒ3cc6cC3s–SF6C3V#3“SB÷FöÖÆ’Ó"ãBãÖ73Ö73×v–åöÖCcBçv†Â"Â†6‚Ò'6†#Sc£VVS†C–V&F#CvS3ƒF#S†fSCFS†Cfc–cFSvSscS–f#Scs#FS3“†FCFR"Â6—¦RÒƒƒBÂWÆöB×F–ÖRÒ###bÓ2Ó#UC#£#£‚ã“s…¢"ÒÀ¢²W&ÂÒ&‡GG3¢òöf–ÆW2ç—F†öæ†÷7FVBæ÷&r÷6¶vW2ö#‚óƒ2öF6V6“cC#C“–3c“CsV#s“Ss“6#CF3C33vSssScC†VCs#6cƒƒ2÷FöÖÆ’Ó"ãBãÖ73Ö73×v–åö&ÓcBçv†Â"Â†6‚Ò'6†#Sc¦3#SCsCSs–&C#cF#vCCsVCCS6#sf66C“ScFfcf3cf#c–#“6CVV6R"Â6—¦RÒ“S#ƒRÂWÆöB×F–ÖRÒ###bÓ2Ó#UC#£#£#ã3•¢"ÒÀ¢²W&ÂÒ&‡GG3¢òöf–ÆW2ç—F†öæ†÷7FVBæ÷&r÷6¶vW2óv"ócö66VSC3s#†#vFS“–C–#ƒCsSc3#c#ƒs6cf3“ƒ##sfCVVCc#cC#C“F"÷FöÖÆ’Ó"ãBã×“2ÖæöæRÖç’çv†Â"Â†6‚Ò'6†#Sc£CƒSƒ“ƒ#3##&FC66#ƒccSfc†Cc†3cSƒvCSFSvF6c3S“S33#†#C–fR"Â6—¦RÒCSƒ2ÂWÆöB×F–ÖRÒ###bÓ2Ó#UC#£##£2ã%¢"ÒÀ¥Ğ ¥µ·6¶vUÕĞ¦æÖRÒ'GFÒ §fW'6–öâÒ#Bãsã §6÷W&6RÒ²&Vv—7G'’Ò&‡GG3¢ò÷—’æ÷&r÷6–×ÆR"Ğ¦FWVæFVæ6–W2Ò°¢²æÖRÒ&6öÆ÷&Ö"ÂÖ&¶W"Ò'7—5÷ÆFf÷&ÒÓÒwv–ã3"r"ÒÀ¥Ğ§6F—7BÒ²W&ÂÒ&‡GG3¢òöf–ÆW2ç—F†öæ†÷7FVBæ÷&r÷6¶vW2ó#ó6"óf3#F&V3V&SVSsC6ffC““SsfFV63sss#&f3vCV&&3&C36f3c“†F3b÷GFÒÓBãsãçF"æw¢"Â†6‚Ò'6†#Sc£SV##F&C“sCc&CfV&VS“SFF3#FVCFCCs&&Sƒ&##FcvSf3C#vS†6V##"Â6—¦RÒs“SC3‚ÂWÆöB×F–ÖRÒ###bÓrÓ#uC£33£Rã#s¢"Ğ§v†VVÇ2Ò°¢²W&ÂÒ&‡GG3¢òöf–ÆW2ç—F†öæ†÷7FVBæ÷&r÷6¶vW2öc’ó2ó&fCSscFSvc#sSf&#VS33ssvFV&SVF3ScsS“#366SƒFc#vFV3“&CB÷GFÒÓBãsã×“2ÖæöæRÖç’çv†Â"Â†6‚Ò'6†#Sc£vcSƒSsf&fFF&FV&cƒ–F3sV#&Ff63cƒ“3s#vC3“v6c&3s3&#C3“S2"Â6—¦RÒƒƒBÂWÆöB×F–ÖRÒ###bÓrÓ#uC£33£2ãcu¢"ÒÀ¥Ğ ¥µ·6¶vUÕĞ¦æÖRÒ'G—–ærÖW‡FVç6–öç2 §fW'6–öâÒ#Bãbã §6÷W&6RÒ²&Vv—7G'’Ò&‡GG3¢ò÷—’æ÷&r÷6–×ÆR"Ğ§6F—7BÒ²W&ÂÒ&‡GG3¢òöf–ÆW2ç—F†öæ†÷7FVBæ÷&r÷6¶vW2öcbö62óc#S336#V&#3†f333f6V&f&F&3S#cSCVC3f#V&S&3s#SV63S#†&#CVCb÷G—–æuöW‡FVç6–öç2ÓBãbãçF"æw¢"Â†6‚Ò'6†#Sc¦F3“ƒ6C–S–3“FF&s#&VSf&C33“Ccv3Vƒ–S#C63CvS“vV#FF#fcC6SR"Â6—¦RÒ3SSRÂWÆöB×F–ÖRÒ###bÓrÓ%Cƒ£C£Rã“%¢"Ğ§v†VVÇ2Ò°¢²W&ÂÒ&‡GG3¢òöf–ÆW2ç—F†öæ†÷7FVBæ÷&r÷6¶vW2óC’öC2ö#ƒCCƒ#C“FFf3#F##6c3“33sV#sVV3ƒcfC–3ccs#vSSF3&f3ƒ÷G—–æuöW‡FVç6–öç2ÓBãbã×“2ÖæöæRÖç’çv†Â"Â†6‚Ò'6†#Sc£Cƒ6Cƒ3sFSƒ63#sfFFS“vcccvCS3–6S–6fV#6c3SCs†Cc3s3&S‚"Â6—¦RÒCSSsÂWÆöB×F–ÖRÒ###bÓrÓ%Cƒ£C£BãcS•¢"ÒÀ¥Ğ ¥µ·6¶vUÕĞ¦æÖRÒ'fö–6R×7V'F—FÆR×G&ç6ÆF÷" §fW'6–öâÒ#ãã §6÷W&6RÒ²VF—F&ÆRÒ"â"Ğ¦FWVæFVæ6–W2Ò°¢²æÖRÒ&f7FW"×v†—7W""ÒÀ¢²æÖRÒ&‡GG‚"ÒÀ¢²æÖRÒ&¶W—&–ær"ÒÀ¢²æÖRÒ&çV×’"ÒÀ¢²æÖRÒ&öæç‡'VçF–ÖR"ÒÀ¢²æÖRÒ'—6–FSbÖW76VçF–Ç2"ÒÀ¢²æÖRÒ'6†W'Ööæç‚"ÒÀ¥Ğ ¥·6¶vRæ÷F–öæÂÖFWVæFVæ6–W5Ğ¦FWbÒ°¢²æÖRÒ'––ç7FÆÆW""ÒÀ¢²æÖRÒ'—FW7B"ÒÀ¢²æÖRÒ'—FW7BÖ6÷b"ÒÀ¢²æÖRÒ'—FW7B×B"ÒÀ¢²æÖRÒ''Vfb"ÒÀ¥Ğ ¥·6¶vRæÖWFFFĞ§&WV—&W2ÖF—7BÒ°¢²æÖRÒ&f7FW"×v†—7W""Â7V6–f–W"Ò#ãÓã"ÃÃ""ÒÀ¢²æÖRÒ&‡GG‚"Â7V6–f–W"Ò#ãÓã#‚ÃÃ"ÒÀ¢²æÖRÒ&¶W—&–ær"Â7V6–f–W"Ò#ãÓ#RãbÃÃ#b"ÒÀ¢²æÖRÒ&çV×’"Â7V6–f–W"Ò#ãÓã#bÃÃ2"ÒÀ¢²æÖRÒ&öæç‡'VçF–ÖR"Â7V6–f–W"Ò#ãÓã#ÃÃ""ÒÀ¢²æÖRÒ'––ç7FÆÆW""ÂÖ&¶W"Ò&W‡G&ÓÒvFWbr"Â7V6–f–W"Ò#ãÓbã"ÃÃr"ÒÀ¢²æÖRÒ'—6–FSbÖW76VçF–Ç2"Â7V6–f–W"Ò#ãÓbã‚ÃÃr"ÒÀ¢²æÖRÒ'—FW7B"ÂÖ&¶W"Ò&W‡G&ÓÒvFWbr"Â7V6–f–W"Ò#ãÓ‚ã2ÃÃ’"ÒÀ¢²æÖRÒ'—FW7BÖ6÷b"ÂÖ&¶W"Ò&W‡G&ÓÒvFWbr"Â7V6–f–W"Ò#ãÓbÃÃr"ÒÀ¢²æÖRÒ'—FW7B×B"ÂÖ&¶W"Ò&W‡G&ÓÒvFWbr"Â7V6–f–W"Ò#ãÓBãBÃÃR"ÒÀ¢²æÖRÒ''Vfb"ÂÖ&¶W"Ò&W‡G&ÓÒvFWbr"Â7V6–f–W"Ò#ãÓãÃÃ"ÒÀ¢²æÖRÒ'6†W'Ööæç‚"Â7V6–f–W"Ò#ãÓã"ÃÃ""ÒÀ¥Ğ§&÷f–FW2ÖW‡G&2Ò²&FWb%Ğ ¥µ·6¶vUÕĞ¦æÖRÒ'¦— §fW'6–öâÒ#Bãã §6÷W&6RÒ²&Vv—7G'’Ò&‡GG3¢ò÷—’æ÷&r÷6–×ÆR"Ğ§6F—7BÒ²W&ÂÒ&‡GG3¢òöf–ÆW2ç—F†öæ†÷7FVBæ÷&r÷6¶vW2ö#’öC‚öV#“†Sv3C3F3#&V#FS#3ƒv&3VcCSs33C#“6V3VC&FC3ƒSvV3#“ccƒ"÷¦—ÓBããçF"æw¢"Â†6‚Ò'6†#Sc£F6#Ss3ƒcSCC3VF#scƒ†S“sfS“#&&#†6F#S6C#63“FV#C##3&&&6Sc""Â6—¦RÒ#c#BÂWÆöB×F–ÖRÒ###bÓRÓ…C#£ƒ£Srã“cu¢"Ğ§v†VVÇ2Ò°¢²W&ÂÒ&‡GG3¢òöf–ÆW2ç—F†öæ†÷7FVBæ÷&r÷6¶vW2ó6ó2óSCs3cCƒSfCƒ†CSƒC“#“c†ffF–c“SC#ƒSFc3VSSSffVcC#c63ƒƒb÷¦—ÓBãã×“2ÖæöæRÖç’çv†Â"Â†6‚Ò'6†#Sc£#VCFSc3“6C3C3CvFC†cFScv&3S3†ScS†VCF#–F#c#–3v3ƒ†S“vb"Â6—¦RÒ#3‚ÂWÆöB×F–ÖRÒ###bÓRÓ…C#£ƒ£SrãCU¢"ÒÀ¥Ğ 